{
  "nodes": {
    "fenix": {
      "inputs": {
        "nixpkgs": [
          "nixpkgs"
        ],
        "rust-analyzer-src": "rust-analyzer-src"
      },
      "locked": {
        "lastModified": 1723012113,
        "narHash": "sha256-AJGsmwDnheWMjZWUqgiGtBjbxMmvLvMp5WJhmTRhJ4w=",
        "owner": "nix-community",
        "repo": "fenix",
        "rev": "3dab4ada5b0c5a22d56dbfd7e140c16f3df2e69a",
        "type": "github"
      },
      "original": {
        "owner": "nix-community",
        "repo": "fenix",
        "type": "github"
      }
    },
    "nixpkgs": {
      "locked": {
        "lastModified": 1722813957,
        "narHash": "sha256-IAoYyYnED7P8zrBFMnmp7ydaJfwTnwcnqxUElC1I26Y=",
        "owner": "nixos",
        "repo": "nixpkgs",
        "rev": "cb9a96f23c491c081b38eab96d22fa958043c9fa",
        "type": "github"
      },
      "original": {
        "owner": "nixos",
        "ref": "nixos-unstable",
        "repo": "nixpkgs",
        "type": "github"
      }
    },
    "root": {
      "inputs": {
        "fenix": "fenix",
        "nixpkgs": "nixpkgs"
      }
    },
    "rust-analyzer-src": {
      "flake": false,
      "locked": {
        "lastModified": 1722925734,
        "narHash": "sha256-5maDP51jkTUCHDU7tKdbsMQTk0QMNZjNGZw2z++YaaI=",
        "owner": "rust-lang",
        "repo": "rust-analyzer",
        "rev": "b23142209ef632475915e858f5f20901ef7c12da",
        "type": "github"
      },
      "original": {
        "owner": "rust-lang",
        "ref": "nightly",
        "repo": "rust-analyzer",
        "type": "github"
      }
    }
  },
  "root": "root",
  "version": 7
}
